
Microsoft Visual Studio Solution File, Format Version 12.00
# Visual Studio Version 16
VisualStudioVersion = 16.0.30523.141
MinimumVisualStudioVersion = 10.0.40219.1
Project("{FAE04EC0-301F-11D3-BF4B-00C04F79EFBC}") = "HuiNan2020OneClass", "HuiNan2020OneClass\HuiNan2020OneClass.csproj", "{A1DF864F-9A2F-46DC-BAC0-2C8CFEC2F433}"
EndProject
Global
	GlobalSection(SolutionConfigurationPlatforms) = preSolution
		Debug|Any CPU = Debug|Any CPU
		Release|Any CPU = Release|Any CPU
	EndGlobalSection
	GlobalSection(ProjectConfigurationPlatforms) = postSolution
		{A1DF864F-9A2F-46DC-BAC0-2C8CFEC2F433}.Debug|Any CPU.ActiveCfg = Debug|Any CPU
		{A1DF864F-9A2F-46DC-BAC0-2C8CFEC2F433}.Debug|Any CPU.Build.0 = Debug|Any CPU
		{A1DF864F-9A2F-46DC-BAC0-2C8CFEC2F433}.Release|Any CPU.ActiveCfg = Release|Any CPU
		{A1DF864F-9A2F-46DC-BAC0-2C8CFEC2F433}.Release|Any CPU.Build.0 = Release|Any CPU
	EndGlobalSection
	GlobalSection(SolutionProperties) = preSolution
		HideSolutionNode = FALSE
	EndGlobalSection
	GlobalSection(ExtensibilityGlobals) = postSolution
		SolutionGuid = {2261CE28-73BF-42CC-B63E-1E3F4DC6D9AE}
	EndGlobalSection
EndGlobal
